
Microsoft Visual Studio Solution File, Format Version 12.00
# Visual Studio Version 17
VisualStudioVersion = 17.4.33213.308
MinimumVisualStudioVersion = 10.0.40219.1
Project("{9A19103F-16F7-4668-BE54-9A1E7A4F7556}") = "CosmosWebServices", "CosmosWebServices\CosmosWebServices.csproj", "{B7C4380A-364F-4259-82AE-F521F6FC754B}"
EndProject
Global
	GlobalSection(SolutionConfigurationPlatforms) = preSolution
		Debug|Any CPU = Debug|Any CPU
		Release|Any CPU = Release|Any CPU
	EndGlobalSection
	GlobalSection(ProjectConfigurationPlatforms) = postSolution
		{B7C4380A-364F-4259-82AE-F521F6FC754B}.Debug|Any CPU.ActiveCfg = Debug|Any CPU
		{B7C4380A-364F-4259-82AE-F521F6FC754B}.Debug|Any CPU.Build.0 = Debug|Any CPU
		{B7C4380A-364F-4259-82AE-F521F6FC754B}.Release|Any CPU.ActiveCfg = Release|Any CPU
		{B7C4380A-364F-4259-82AE-F521F6FC754B}.Release|Any CPU.Build.0 = Release|Any CPU
	EndGlobalSection
	GlobalSection(SolutionProperties) = preSolution
		HideSolutionNode = FALSE
	EndGlobalSection
	GlobalSection(ExtensibilityGlobals) = postSolution
		SolutionGuid = {F7FF960B-BAE4-4547-915B-54F64C23266B}
	EndGlobalSection
EndGlobal
